# THIS IS AN AUTOGENERATED FILE. DO NOT EDIT THIS FILE DIRECTLY.
# yarn lockfile v1


"@types/node@^10.11.7":
  version "10.12.2"
  resolved "https://registry.yarnpkg.com/@types/node/-/node-10.12.2.tgz#d77f9faa027cadad9c912cd47f4f8b07b0fb0864"

"@types/semver@^5.5.0":
  version "5.5.0"
  resolved "https://registry.yarnpkg.com/@types/semver/-/semver-5.5.0.tgz#146c2a29ee7d3bae4bf2fcb274636e264c813c45"

abbrev@1:
  version "1.1.1"
  resolved "https://registry.yarnpkg.com/abbrev/-/abbrev-1.1.1.tgz#f8f2c887ad10bf67f634f005b6987fed3179aac8"

commander@^2.19.0:
  version "2.19.0"
  resolved "https://registry.yarnpkg.com/commander/-/commander-2.19.0.tgz#f6198aa84e5b83c46054b94ddedbfed5ee9ff12a"

condense-newlines@^0.2.1:
  version "0.2.1"
  resolved "https://registry.yarnpkg.com/condense-newlines/-/condense-newlines-0.2.1.tgz#3de985553139475d32502c83b02f60684d24c55f"
  dependencies:
    extend-shallow "^2.0.1"
    is-whitespace "^0.3.0"
    kind-of "^3.0.2"

config-chain@~1.1.5:
  version "1.1.12"
  resolved "https://registry.yarnpkg.com/config-chain/-/config-chain-1.1.12.tgz#0fde8d091200eb5e808caf25fe618c02f48e4efa"
  dependencies:
    ini "^1.3.4"
    proto-list "~1.2.1"

editorconfig@^0.15.0:
  version "0.15.2"
  resolved "https://registry.yarnpkg.com/editorconfig/-/editorconfig-0.15.2.tgz#047be983abb9ab3c2eefe5199cb2b7c5689f0702"
  dependencies:
    "@types/node" "^10.11.7"
    "@types/semver" "^5.5.0"
    commander "^2.19.0"
    lru-cache "^4.1.3"
    semver "^5.6.0"
    sigmund "^1.0.1"

extend-shallow@^2.0.1:
  version "2.0.1"
  resolved "https://registry.yarnpkg.com/extend-shallow/-/extend-shallow-2.0.1.tgz#51af7d614ad9a9f610ea1bafbb989d6b1c56890f"
  dependencies:
    is-extendable "^0.1.0"

ini@^1.3.4:
  version "1.3.5"
  resolved "https://registry.yarnpkg.com/ini/-/ini-1.3.5.tgz#eee25f56db1c9ec6085e0c22778083f596abf927"

is-buffer@^1.1.5:
  version "1.1.6"
  resolved "https://registry.yarnpkg.com/is-buffer/-/is-buffer-1.1.6.tgz#efaa2ea9daa0d7ab2ea13a97b2b8ad51fefbe8be"

is-extendable@^0.1.0:
  version "0.1.1"
  resolved "https://registry.yarnpkg.com/is-extendable/-/is-extendable-0.1.1.tgz#62b110e289a471418e3ec36a617d472e301dfc89"

is-whitespace@^0.3.0:
  version "0.3.0"
  resolved "https://registry.yarnpkg.com/is-whitespace/-/is-whitespace-0.3.0.tgz#1639ecb1be036aec69a54cbb401cfbed7114ab7f"

js-beautify@^1.6.12:
  version "1.8.8"
  resolved "https://registry.yarnpkg.com/js-beautify/-/js-beautify-1.8.8.tgz#1eb175b73a3571a5f1ed8d98e7cf2b05bfa98471"
  dependencies:
    config-chain "~1.1.5"
    editorconfig "^0.15.0"
    mkdirp "~0.5.0"
    nopt "~4.0.1"

kind-of@^3.0.2:
  version "3.2.2"
  resolved "https://registry.yarnpkg.com/kind-of/-/kind-of-3.2.2.tgz#31ea21a734bab9bbb0f32466d893aea51e4a3c64"
  dependencies:
    is-buffer "^1.1.5"

lru-cache@^4.1.3:
  version "4.1.3"
  resolved "https://registry.yarnpkg.com/lru-cache/-/lru-cache-4.1.3.tgz#a1175cf3496dfc8436c156c334b4955992bce69c"
  dependencies:
    pseudomap "^1.0.2"
    yallist "^2.1.2"

minimist@0.0.8:
  version "0.0.8"
  resolved "http://registry.npmjs.org/minimist/-/minimist-0.0.8.tgz#857fcabfc3397d2625b8228262e86aa7a011b05d"

mkdirp@~0.5.0:
  version "0.5.1"
  resolved "http://registry.npmjs.org/mkdirp/-/mkdirp-0.5.1.tgz#30057438eac6cf7f8c4767f38648d6697d75c903"
  dependencies:
    minimist "0.0.8"

nopt@~4.0.1:
  version "4.0.1"
  resolved "https://registry.yarnpkg.com/nopt/-/nopt-4.0.1.tgz#d0d4685afd5415193c8c7505602d0d17cd64474d"
  dependencies:
    abbrev "1"
    osenv "^0.1.4"

os-homedir@^1.0.0:
  version "1.0.2"
  resolved "https://registry.yarnpkg.com/os-homedir/-/os-homedir-1.0.2.tgz#ffbc4988336e0e833de0c168c7ef152121aa7fb3"

os-tmpdir@^1.0.0:
  version "1.0.2"
  resolved "https://registry.yarnpkg.com/os-tmpdir/-/os-tmpdir-1.0.2.tgz#bbe67406c79aa85c5cfec766fe5734555dfa1274"

osenv@^0.1.4:
  version "0.1.5"
  resolved "https://registry.yarnpkg.com/osenv/-/osenv-0.1.5.tgz#85cdfafaeb28e8677f416e287592b5f3f49ea410"
  dependencies:
    os-homedir "^1.0.0"
    os-tmpdir "^1.0.0"

pretty@^2.0.0:
  version "2.0.0"
  resolved "https://registry.yarnpkg.com/pretty/-/pretty-2.0.0.tgz#adbc7960b7bbfe289a557dc5f737619a220d06a5"
  dependencies:
    condense-newlines "^0.2.1"
    extend-shallow "^2.0.1"
    js-beautify "^1.6.12"

proto-list@~1.2.1:
  version "1.2.4"
  resolved "https://registry.yarnpkg.com/proto-list/-/proto-list-1.2.4.tgz#212d5bfe1318306a420f6402b8e26ff39647a849"

pseudomap@^1.0.2:
  version "1.0.2"
  resolved "https://registry.yarnpkg.com/pseudomap/-/pseudomap-1.0.2.tgz#f052a28da70e618917ef0a8ac34c1ae5a68286b3"

semver@^5.6.0:
  version "5.6.0"
  resolved "https://registry.yarnpkg.com/semver/-/semver-5.6.0.tgz#7e74256fbaa49c75aa7c7a205cc22799cac80004"

sigmund@^1.0.1:
  version "1.0.1"
  resolved "https://registry.yarnpkg.com/sigmund/-/sigmund-1.0.1.tgz#3ff21f198cad2175f9f3b781853fd94d0d19b590"

yallist@^2.1.2:
  version "2.1.2"
  resolved "https://registry.yarnpkg.com/yallist/-/yallist-2.1.2.tgz#1c11f9218f076089a47dd512f93c6699a6a81d52"
